// !$*UTF8*$!
{
	archiveVersion = 1;
	classes = {
	};
	objectVersion = 46;
	objects = {

/* Begin PBXBuildFile section */
		13361DD51B6A872100C2CDEB /* main.m in Sources */ = {isa = PBXBuildFile; fileRef = 13361DD41B6A872100C2CDEB /* main.m */; };
		13361DD81B6A872100C2CDEB /* AppDelegate.m in Sources */ = {isa = PBXBuildFile; fileRef = 13361DD71B6A872100C2CDEB /* AppDelegate.m */; };
		13361DDB1B6A872100C2CDEB /* ViewController.m in Sources */ = {isa = PBXBuildFile; fileRef = 13361DDA1B6A872100C2CDEB /* ViewController.m */; };
		13361DDE1B6A872100C2CDEB /* Main.storyboard in Resources */ = {isa = PBXBuildFile; fileRef = 13361DDC1B6A872100C2CDEB /* Main.storyboard */; };
		13361DE01B6A872100C2CDEB /* Images.xcassets in Resources */ = {isa = PBXBuildFile; fileRef = 13361DDF1B6A872100C2CDEB /* Images.xcassets */; };
		13361DE31B6A872100C2CDEB /* LaunchScreen.xib in Resources */ = {isa = PBXBuildFile; fileRef = 13361DE11B6A872100C2CDEB /* LaunchScreen.xib */; };
		13361DEF1B6A872200C2CDEB /* BounceBallTests.m in Sources */ = {isa = PBXBuildFile; fileRef = 13361DEE1B6A872200C2CDEB /* BounceBallTests.m */; };
		13361DFB1B6A87BD00C2CDEB /* Football32.png in Resources */ = {isa = PBXBuildFile; fileRef = 13361DF91B6A87BD00C2CDEB /* Football32.png */; };
		13361DFC1B6A87BD00C2CDEB /* background.png in Resources */ = {isa = PBXBuildFile; fileRef = 13361DFA1B6A87BD00C2CDEB /* background.png */; };
/* End PBXBuildFile section */

/* Begin PBXContainerItemProxy section */
		13361DE91B6A872200C2CDEB /* PBXContainerItemProxy */ = {
			isa = PBXContainerItemProxy;
			containerPortal = 13361DC71B6A872100C2CDEB /* Project object */;
			proxyType = 1;
			remoteGlobalIDString = 13361DCE1B6A872100C2CDEB;
			remoteInfo = BounceBall;
		};
/* End PBXContainerItemProxy section */

/* Begin PBXFileReference section */
		13361DCF1B6A872100C2CDEB /* BounceBall.app */ = {isa = PBXFileReference; explicitFileType = wrapper.application; includeInIndex = 0; path = BounceBall.app; sourceTree = BUILT_PRODUCTS_DIR; };
		13361DD31B6A872100C2CDEB /* Info.plist */ = {isa = PBXFileReference; lastKnownFileType = text.plist.xml; path = Info.plist; sourceTree = "<group>"; };
		13361DD41B6A872100C2CDEB /* main.m */ = {isa = PBXFileReference; lastKnownFileType = sourcecode.c.objc; path = main.m; sourceTree = "<group>"; };
		13361DD61B6A872100C2CDEB /* AppDelegate.h */ = {isa = PBXFileReference; lastKnownFileType = sourcecode.c.h; path = AppDelegate.h; sourceTree = "<group>"; };
		13361DD71B6A872100C2CDEB /* AppDelegate.m */ = {isa = PBXFileReference; lastKnownFileType = sourcecode.c.objc; path = AppDelegate.m; sourceTree = "<group>"; };
		13361DD91B6A872100C2CDEB /* ViewController.h */ = {isa = PBXFileReference; lastKnownFileType = sourcecode.c.h; path = ViewController.h; sourceTree = "<group>"; };
		13361DDA1B6A872100C2CDEB /* ViewController.m */ = {isa = PBXFileReference; lastKnownFileType = sourcecode.c.objc; path = ViewController.m; sourceTree = "<group>"; };
		13361DDD1B6A872100C2CDEB /* Base */ = {isa = PBXFileReference; lastKnownFileType = file.storyboard; name = Base; path = Base.lproj/Main.storyboard; sourceTree = "<group>"; };
		13361DDF1B6A872100C2CDEB /* Images.xcassets */ = {isa = PBXFileReference; lastKnownFileType = folder.assetcatalog; path = Images.xcassets; sourceTree = "<group>"; };
		13361DE21B6A872100C2CDEB /* Base */ = {isa = PBXFileReference; lastKnownFileType = file.xib; name = Base; path = Base.lproj/LaunchScreen.xib; sourceTree = "<group>"; };
		13361DE81B6A872200C2CDEB /* BounceBallTests.xctest */ = {isa = PBXFileReference; explicitFileType = wrapper.cfbundle; includeInIndex = 0; path = BounceBallTests.xctest; sourceTree = BUILT_PRODUCTS_DIR; };
		13361DED1B6A872200C2CDEB /* Info.plist */ = {isa = PBXFileReference; lastKnownFileType = text.plist.xml; path = Info.plist; sourceTree = "<group>"; };
		13361DEE1B6A872200C2CDEB /* BounceBallTests.m */ = {isa = PBXFileReference; lastKnownFileType = sourcecode.c.objc; path = BounceBallTests.m; sourceTree = "<group>"; };
		13361DF91B6A87BD00C2CDEB /* Football32.png */ = {isa = PBXFileReference; lastKnownFileType = image.png; path = Football32.png; sourceTree = "<group>"; };
		13361DFA1B6A87BD00C2CDEB /* background.png */ = {isa = PBXFileReference; lastKnownFileType = image.png; path = background.png; sourceTree = "<group>"; };
/* End PBXFileReference section */

/* Begin PBXFrameworksBuildPhase section */
		13361DCC1B6A872100C2CDEB /* Frameworks */ = {
			isa = PBXFrameworksBuildPhase;
			buildActionMask = 2147483647;
			files = (
			);
			runOnlyForDeploymentPostprocessing = 0;
		};
		13361DE51B6A872200C2CDEB /* Frameworks */ = {
			isa = PBXFrameworksBuildPhase;
			buildActionMask = 2147483647;
			files = (
			);
			runOnlyForDeploymentPostprocessing = 0;
		};
/* End PBXFrameworksBuildPhase section */

/* Begin PBXGroup section */
		13361DC61B6A872100C2CDEB = {
			isa = PBXGroup;
			children = (
				13361DD11B6A872100C2CDEB /* BounceBall */,
				13361DEB1B6A872200C2CDEB /* BounceBallTests */,
				13361DD01B6A872100C2CDEB /* Products */,
			);
			sourceTree = "<group>";
		};
		13361DD01B6A872100C2CDEB /* Products */ = {
			isa = PBXGroup;
			children = (
				13361DCF1B6A872100C2CDEB /* BounceBall.app */,
				13361DE81B6A872200C2CDEB /* BounceBallTests.xctest */,
			);
			name = Products;
			sourceTree = "<group>";
		};
		13361DD11B6A872100C2CDEB /* BounceBall */ = {
			isa = PBXGroup;
			children = (
				13361DD61B6A872100C2CDEB /* AppDelegate.h */,
				13361DD71B6A872100C2CDEB /* AppDelegate.m */,
				13361DD91B6A872100C2CDEB /* ViewController.h */,
				13361DDA1B6A872100C2CDEB /* ViewController.m */,
				13361DDC1B6A872100C2CDEB /* Main.storyboard */,
				13361DDF1B6A872100C2CDEB /* Images.xcassets */,
				13361DE11B6A872100C2CDEB /* LaunchScreen.xib */,
				13361DF81B6A87A100C2CDEB /* Images */,
				13361DD21B6A872100C2CDEB /* Supporting Files */,
			);
			path = BounceBall;
			sourceTree = "<group>";
		};
		13361DD21B6A872100C2CDEB /* Supporting Files */ = {
			isa = PBXGroup;
			children = (
				13361DD31B6A872100C2CDEB /* Info.plist */,
				13361DD41B6A872100C2CDEB /* main.m */,
			);
			name = "Supporting Files";
			sourceTree = "<group>";
		};
		13361DEB1B6A872200C2CDEB /* BounceBallTests */ = {
			isa = PBXGroup;
			children = (
				13361DEE1B6A872200C2CDEB /* BounceBallTests.m */,
				13361DEC1B6A872200C2CDEB /* Supporting Files */,
			);
			path = BounceBallTests;
			sourceTree = "<group>";
		};
		13361DEC1B6A872200C2CDEB /* Supporting Files */ = {
			isa = PBXGroup;
			children = (
				13361DED1B6A872200C2CDEB /* Info.plist */,
			);
			name = "Supporting Files";
			sourceTree = "<group>";
		};
		13361DF81B6A87A100C2CDEB /* Images */ = {
			isa = PBXGroup;
			children = (
				13361DF91B6A87BD00C2CDEB /* Football32.png */,
				13361DFA1B6A87BD00C2CDEB /* background.png */,
			);
			name = Images;
			sourceTree = "<group>";
		};
/* End PBXGroup section */

/* Begin PBXNativeTarget section */
		13361DCE1B6A872100C2CDEB /* BounceBall */ = {
			isa = PBXNativeTarget;
			buildConfigurationList = 13361DF21B6A872200C2CDEB /* Build configuration list for PBXNativeTarget "BounceBall" */;
			buildPhases = (
				13361DCB1B6A872100C2CDEB /* Sources */,
				13361DCC1B6A872100C2CDEB /* Frameworks */,
				13361DCD1B6A872100C2CDEB /* Resources */,
			);
			buildRules = (
			);
			dependencies = (
			);
			name = BounceBall;
			productName = BounceBall;
			productReference = 13361DCF1B6A872100C2CDEB /* BounceBall.app */;
			productType = "com.apple.product-type.application";
		};
		13361DE71B6A872200C2CDEB /* BounceBallTests */ = {
			isa = PBXNativeTarget;
			buildConfigurationList = 13361DF51B6A872200C2CDEB /* Build configuration list for PBXNativeTarget "BounceBallTests" */;
			buildPhases = (
				13361DE41B6A872200C2CDEB /* Sources */,
				13361DE51B6A872200C2CDEB /* Frameworks */,
				13361DE61B6A872200C2CDEB /* Resources */,
			);
			buildRules = (
			);
			dependencies = (
				13361DEA1B6A872200C2CDEB /* PBXTargetDependency */,
			);
			name = BounceBallTests;
			productName = BounceBallTests;
			productReference = 13361DE81B6A872200C2CDEB /* BounceBallTests.xctest */;
			productType = "com.apple.product-type.bundle.unit-test";
		};
/* End PBXNativeTarget section */

/* Begin PBXProject section */
		13361DC71B6A872100C2CDEB /* Project object */ = {
			isa = PBXProject;
			attributes = {
				LastUpgradeCheck = 0630;
				ORGANIZATIONNAME = "Nguyen Minh Khue";
				TargetAttributes = {
					13361DCE1B6A872100C2CDEB = {
						CreatedOnToolsVersion = 6.3.1;
					};
					13361DE71B6A872200C2CDEB = {
						CreatedOnToolsVersion = 6.3.1;
						TestTargetID = 13361DCE1B6A872100C2CDEB;
					};
				};
			};
			buildConfigurationList = 13361DCA1B6A872100C2CDEB /* Build configuration list for PBXProject "BounceBall" */;
			compatibilityVersion = "Xcode 3.2";
			developmentRegion = English;
			hasScannedForEncodings = 0;
			knownRegions = (
				en,
				Base,
			);
			mainGroup = 13361DC61B6A872100C2CDEB;
			productRefGroup = 13361DD01B6A872100C2CDEB /* Products */;
			projectDirPath = "";
			projectRoot = "";
			targets = (
				13361DCE1B6A872100C2CDEB /* BounceBall */,
				13361DE71B6A872200C2CDEB /* BounceBallTests */,
			);
		};
/* End PBXProject section */

/* Begin PBXResourcesBuildPhase section */
		13361DCD1B6A872100C2CDEB /* Resources */ = {
			isa = PBXResourcesBuildPhase;
			buildActionMask = 2147483647;
			files = (
				13361DDE1B6A872100C2CDEB /* Main.storyboard in Resources */,
				13361DFC1B6A87BD00C2CDEB /* background.png in Resources */,
				13361DFB1B6A87BD00C2CDEB /* Football32.png in Resources */,
				13361DE31B6A872100C2CDEB /* LaunchScreen.xib in Resources */,
				13361DE01B6A872100C2CDEB /* Images.xcassets in Resources */,
			);
			runOnlyForDeploymentPostprocessing = 0;
		};
		13361DE61B6A872200C2CDEB /* Resources */ = {
			isa = PBXResourcesBuildPhase;
			buildActionMask = 2147483647;
			files = (
			);
			runOnlyForDeploymentPostprocessing = 0;
		};
/* End PBXResourcesBuildPhase section */

/* Begin PBXSourcesBuildPhase section */
		13361DCB1B6A872100C2CDEB /* Sources */ = {
			isa = PBXSourcesBuildPhase;
			buildActionMask = 2147483647;
			files = (
				13361DDB1B6A872100C2CDEB /* ViewController.m in Sources */,
				13361DD81B6A872100C2CDEB /* AppDelegate.m in Sources */,
				13361DD51B6A872100C2CDEB /* main.m in Sources */,
			);
			runOnlyForDeploymentPostprocessing = 0;
		};
		13361DE41B6A872200C2CDEB /* Sources */ = {
			isa = PBXSourcesBuildPhase;
			buildActionMask = 2147483647;
			files = (
				13361DEF1B6A872200C2CDEB /* BounceBallTests.m in Sources */,
			);
			runOnlyForDeploymentPostprocessing = 0;
		};
/* End PBXSourcesBuildPhase section */

/* Begin PBXTargetDependency section */
		13361DEA1B6A872200C2CDEB /* PBXTargetDependency */ = {
			isa = PBXTargetDependency;
			target = 13361DCE1B6A872100C2CDEB /* BounceBall */;
			targetProxy = 13361DE91B6A872200C2CDEB /* PBXContainerItemProxy */;
		};
/* End PBXTargetDependency section */

/* Begin PBXVariantGroup section */
		13361DDC1B6A872100C2CDEB /* Main.storyboard */ = {
			isa = PBXVariantGroup;
			children = (
				13361DDD1B6A872100C2CDEB /* Base */,
			);
			name = Main.storyboard;
			sourceTree = "<group>";
		};
		13361DE11B6A872100C2CDEB /* LaunchScreen.xib */ = {
			isa = PBXVariantGroup;
			children = (
				13361DE21B6A872100C2CDEB /* Base */,
			);
			name = LaunchScreen.xib;
			sourceTree = "<group>";
		};
/* End PBXVariantGroup section */

/* Begin XCBuildConfiguration section */
		13361DF01B6A872200C2CDEB /* Debug */ = {
			isa = XCBuildConfiguration;
			buildSettings = {
				ALWAYS_SEARCH_USER_PATHS = NO;
				CLANG_CXX_LANGUAGE_STANDARD = "gnu++0x";
				CLANG_CXX_LIBRARY = "libc++";
				CLANG_ENABLE_MODULES = YES;
				CLANG_ENABLE_OBJC_ARC = YES;
				CLANG_WARN_BOOL_CONVERSION = YES;
				CLANG_WARN_CONSTANT_CONVERSION = YES;
				CLANG_WARN_DIRECT_OBJC_ISA_USAGE = YES_ERROR;
				CLANG_WARN_EMPTY_BODY = YES;
				CLANG_WARN_ENUM_CONVERSION = YES;
				CLANG_WARN_INT_CONVERSION = YES;
				CLANG_WARN_OBJC_ROOT_CLASS = YES_ERROR;
				CLANG_WARN_UNREACHABLE_CODE = YES;
				CLANG_WARN__DUPLICATE_METHOD_MATCH = YES;
				"CODE_SIGN_IDENTITY[sdk=iphoneos*]" = "iPhone Developer";
				COPY_PHASE_STRIP = NO;
				DEBUG_INFORMATION_FORMAT = "dwarf-with-dsym";
				ENABLE_STRICT_OBJC_MSGSEND = YES;
				GCC_C_LANGUAGE_STANDARD = gnu99;
				GCC_DYNAMIC_NO_PIC = NO;
				GCC_NO_COMMON_BLOCKS = YES;
				GCC_OPTIMIZATION_LEVEL = 0;
				GCC_PREPROCESSOR_DEFINITIONS = (
					"DEBUG=1",
					"$(inherited)",
				);
				GCC_SYMBOLS_PRIVATE_EXTERN = NO;
				GCC_WARN_64_TO_32_BIT_CONVERSION = YES;
				GCC_WARN_ABOUT_RETURN_TYPE = YES_ERROR;
				GCC_WARN_UNDECLARED_SELECTOR = YES;
				GCC_WARN_UNINITIALIZED_AUTOS = YES_AGGRESSIVE;
				GCC_WARN_UNUSED_FUNCTION = YES;
				GCC_WARN_UNUSED_VARIABLE = YES;
				IPHONEOS_DEPLOYMENT_TARGET = 8.3;
				MTL_ENABLE_DEBUG_INFO = YES;
				ONLY_ACTIVE_ARCH = YES;
				SDKROOT = iphoneos;
			};
			name = Debug;
		};
		13361DF11B6A872200C2CDEB /* Release */ = {
			isa = XCBuildConfiguration;
			buildSettings = {
				ALWAYS_SEARCH_USER_PATHS = NO;
				CLANG_CXX_LANGUAGE_STANDARD = "gnu++0x";
				CLANG_CXX_LIBRARY = "libc++";
				CLANG_ENABLE_MODULES = YES;
				CLANG_ENABLE_OBJC_ARC = YES;
				CLANG_WARN_BOOL_CONVERSION = YES;
				CLANG_WARN_CONSTANT_CONVERSION = YES;
				CLANG_WARN_DIRECT_OBJC_ISA_USAGE = YES_ERROR;
				CLANG_WARN_EMPTY_BODY = YES;
				CLANG_WARN_ENUM_CONVERSION = YES;
				CLANG_WARN_INT_CONVERSION = YES;
				CLANG_WARN_OBJC_ROOT_CLASS = YES_ERROR;
				CLANG_WARN_UNREACHABLE_CODE = YES;
				CLANG_WARN__DUPLICATE_METHOD_MATCH = YES;
				"CODE_SIGN_IDENTITY[sdk=iphoneos*]" = "iPhone Developer";
				COPY_PHASE_STRIP = NO;
				DEBUG_INFORMATION_FORMAT = "dwarf-with-dsym";
				ENABLE_NS_ASSERTIONS = NO;
				ENABLE_STRICT_OBJC_MSGSEND = YES;
				GCC_C_LANGUAGE_STANDARD = gnu99;
				GCC_NO_COMMON_BLOCKS = YES;
				GCC_WARN_64_TO_32_BIT_CONVERSION = YES;
				GCC_WARN_ABOUT_RETURN_TYPE = YES_ERROR;
				GCC_WARN_UNDECLARED_SELECTOR = YES;
				GCC_WARN_UNINITIALIZED_AUTOS = YES_AGGRESSIVE;
				GCC_WARN_UNUSED_FUNCTION = YES;
				GCC_WARN_UNUSED_VARIABLE = YES;
				IPHONEOS_DEPLOYMENT_TARGET = 8.3;
				MTL_ENABLE_DEBUG_INFO = NO;
				SDKROOT = iphoneos;
				VALIDATE_PRODUCT = YES;
			};
			name = Release;
		};
		13361DF31B6A872200C2CDEB /* Debug */ = {
			isa = XCBuildConfiguration;
			buildSettings = {
				ASSETCATALOG_COMPILER_APPICON_NAME = AppIcon;
				INFOPLIST_FILE = BounceBall/Info.plist;
				LD_RUNPATH_SEARCH_PATHS = "$(inherited) @executable_path/Frameworks";
				PRODUCT_NAME = "$(TARGET_NAME)";
			};
			name = Debug;
		};
		13361DF41B6A872200C2CDEB /* Release */ = {
			isa = XCBuildConfiguration;
			buildSettings = {
				ASSETCATALOG_COMPILER_APPICON_NAME = AppIcon;
				INFOPLIST_FILE = BounceBall/Info.plist;
				LD_RUNPATH_SEARCH_PATHS = "$(inherited) @executable_path/Frameworks";
				PRODUCT_NAME = "$(TARGET_NAME)";
			};
			name = Release;
		};
		13361DF61B6A872200C2CDEB /* Debug */ = {
			isa = XCBuildConfiguration;
			buildSettings = {
				BUNDLE_LOADER = "$(TEST_HOST)";
				FRAMEWORK_SEARCH_PATHS = (
					"$(SDKROOT)/Developer/Library/Frameworks",
					"$(inherited)",
				);
				GCC_PREPROCESSOR_DEFINITIONS = (
					"DEBUG=1",
					"$(inherited)",
				);
				INFOPLIST_FILE = BounceBallTests/Info.plist;
				LD_RUNPATH_SEARCH_PATHS = "$(inherited) @executable_path/Frameworks @loader_path/Frameworks";
				PRODUCT_NAME = "$(TARGET_NAME)";
				TEST_HOST = "$(BUILT_PRODUCTS_DIR)/BounceBall.app/BounceBall";
			};
			name = Debug;
		};
		13361DF71B6A872200C2CDEB /* Release */ = {
			isa = XCBuildConfiguration;
			buildSettings = {
				BUNDLE_LOADER = "$(TEST_HOST)";
				FRAMEWORK_SEARCH_PATHS = (
					"$(SDKROOT)/Developer/Library/Frameworks",
					"$(inherited)",
				);
				INFOPLIST_FILE = BounceBallTests/Info.plist;
				LD_RUNPATH_SEARCH_PATHS = "$(inherited) @executable_path/Frameworks @loader_path/Frameworks";
				PRODUCT_NAME = "$(TARGET_NAME)";
				TEST_HOST = "$(BUILT_PRODUCTS_DIR)/BounceBall.app/BounceBall";
			};
			name = Release;
		};
/* End XCBuildConfiguration section */

/* Begin XCConfigurationList section */
		13361DCA1B6A872100C2CDEB /* Build configuration list for PBXProject "BounceBall" */ = {
			isa = XCConfigurationList;
			buildConfigurations = (
				13361DF01B6A872200C2CDEB /* Debug */,
				13361DF11B6A872200C2CDEB /* Release */,
			);
			defaultConfigurationIsVisible = 0;
			defaultConfigurationName = Release;
		};
		13361DF21B6A872200C2CDEB /* Build configuration list for PBXNativeTarget "BounceBall" */ = {
			isa = XCConfigurationList;
			buildConfigurations = (
				13361DF31B6A872200C2CDEB /* Debug */,
				13361DF41B6A872200C2CDEB /* Release */,
			);
			defaultConfigurationIsVisible = 0;
		};
		13361DF51B6A872200C2CDEB /* Build configuration list for PBXNativeTarget "BounceBallTests" */ = {
			isa = XCConfigurationList;
			buildConfigurations = (
				13361DF61B6A872200C2CDEB /* Debug */,
				13361DF71B6A872200C2CDEB /* Release */,
			);
			defaultConfigurationIsVisible = 0;
		};
/* End XCConfigurationList section */
	};
	rootObject = 13361DC71B6A872100C2CDEB /* Project object */;
}
